Microsoft Visual Studio Solution File, Format Version 11.00
# Visual Studio 2008

Project("{EE51E6B0-FD2C-64FC-E7E3-CD6A8EB45466}") = "RobotsVsZombies", "Assembly-CSharp-firstpass-vs.csproj", "{834BD2FE-5EC9-A289-70D6-CFC8693139D0}"
EndProject
Project("{EE51E6B0-FD2C-64FC-E7E3-CD6A8EB45466}") = "RobotsVsZombies", "Assembly-CSharp-vs.csproj", "{8F983093-74FB-F768-E5D4-7117C5073AD7}"
EndProject
Project("{EE51E6B0-FD2C-64FC-E7E3-CD6A8EB45466}") = "RobotsVsZombies", "Assembly-CSharp-Editor-vs.csproj", "{40869364-CBB7-4DEB-E656-0D24BD2D8524}"
EndProject
Global
	GlobalSection(SolutionConfigurationPlatforms) = preSolution
		Debug|Any CPU = Debug|Any CPU
		Release|Any CPU = Release|Any CPU
	EndGlobalSection
	GlobalSection(ProjectConfigurationPlatforms) = postSolution
		{834BD2FE-5EC9-A289-70D6-CFC8693139D0}.Debug|Any CPU.ActiveCfg = Debug|Any CPU
		{834BD2FE-5EC9-A289-70D6-CFC8693139D0}.Debug|Any CPU.Build.0 = Debug|Any CPU
		{834BD2FE-5EC9-A289-70D6-CFC8693139D0}.Release|Any CPU.ActiveCfg = Release|Any CPU
		{834BD2FE-5EC9-A289-70D6-CFC8693139D0}.Release|Any CPU.Build.0 = Release|Any CPU
		{8F983093-74FB-F768-E5D4-7117C5073AD7}.Debug|Any CPU.ActiveCfg = Debug|Any CPU
		{8F983093-74FB-F768-E5D4-7117C5073AD7}.Debug|Any CPU.Build.0 = Debug|Any CPU
		{8F983093-74FB-F768-E5D4-7117C5073AD7}.Release|Any CPU.ActiveCfg = Release|Any CPU
		{8F983093-74FB-F768-E5D4-7117C5073AD7}.Release|Any CPU.Build.0 = Release|Any CPU
		{40869364-CBB7-4DEB-E656-0D24BD2D8524}.Debug|Any CPU.ActiveCfg = Debug|Any CPU
		{40869364-CBB7-4DEB-E656-0D24BD2D8524}.Debug|Any CPU.Build.0 = Debug|Any CPU
		{40869364-CBB7-4DEB-E656-0D24BD2D8524}.Release|Any CPU.ActiveCfg = Release|Any CPU
		{40869364-CBB7-4DEB-E656-0D24BD2D8524}.Release|Any CPU.Build.0 = Release|Any CPU
	EndGlobalSection
	GlobalSection(SolutionProperties) = preSolution
		HideSolutionNode = FALSE
	EndGlobalSection
		GlobalSection(MonoDevelopProperties) = preSolution
		StartupItem = Assembly-CSharp.csproj
		Policies = $0
		$0.TextStylePolicy = $1
		$1.inheritsSet = null
		$1.scope = text/x-csharp
		$0.CSharpFormattingPolicy = $2
		$2.inheritsSet = Mono
		$2.inheritsScope = text/x-csharp
		$2.scope = text/x-csharp
		$0.TextStylePolicy = $3
		$3.FileWidth = 120
		$3.TabWidth = 4
		$3.IndentWidth = 4
		$3.EolMarker = Unix
		$3.inheritsSet = Mono
		$3.inheritsScope = text/plain
		$3.scope = text/plain
	EndGlobalSection

EndGlobal
